
Microsoft Visual Studio Solution File, Format Version 12.00
# Visual Studio 15
VisualStudioVersion = 15.0.28010.2041
MinimumVisualStudioVersion = 10.0.40219.1
Project("{9A19103F-16F7-4668-BE54-9A1E7A4F7556}") = "bdNetCoreAPI", "bdNetCoreAPI\bdNetCoreAPI.csproj", "{0AA027B3-750E-4A8D-B5F9-56A8E77DB3C9}"
EndProject
Project("{9A19103F-16F7-4668-BE54-9A1E7A4F7556}") = "bdNetCoreAPIDataTransfer", "bdNetCoreAPIDataTransfer\bdNetCoreAPIDataTransfer\bdNetCoreAPIDataTransfer.csproj", "{FE618D43-CDDB-4644-9A09-DC227DB9A0ED}"
EndProject
Global
	GlobalSection(SolutionConfigurationPlatforms) = preSolution
		Debug|Any CPU = Debug|Any CPU
		Release|Any CPU = Release|Any CPU
	EndGlobalSection
	GlobalSection(ProjectConfigurationPlatforms) = postSolution
		{0AA027B3-750E-4A8D-B5F9-56A8E77DB3C9}.Debug|Any CPU.ActiveCfg = Debug|Any CPU
		{0AA027B3-750E-4A8D-B5F9-56A8E77DB3C9}.Debug|Any CPU.Build.0 = Debug|Any CPU
		{0AA027B3-750E-4A8D-B5F9-56A8E77DB3C9}.Release|Any CPU.ActiveCfg = Release|Any CPU
		{0AA027B3-750E-4A8D-B5F9-56A8E77DB3C9}.Release|Any CPU.Build.0 = Release|Any CPU
		{FE618D43-CDDB-4644-9A09-DC227DB9A0ED}.Debug|Any CPU.ActiveCfg = Debug|Any CPU
		{FE618D43-CDDB-4644-9A09-DC227DB9A0ED}.Debug|Any CPU.Build.0 = Debug|Any CPU
		{FE618D43-CDDB-4644-9A09-DC227DB9A0ED}.Release|Any CPU.ActiveCfg = Release|Any CPU
		{FE618D43-CDDB-4644-9A09-DC227DB9A0ED}.Release|Any CPU.Build.0 = Release|Any CPU
	EndGlobalSection
	GlobalSection(SolutionProperties) = preSolution
		HideSolutionNode = FALSE
	EndGlobalSection
	GlobalSection(ExtensibilityGlobals) = postSolution
		SolutionGuid = {E4C760B7-D167-47F4-A8AD-C849A9C52D71}
	EndGlobalSection
EndGlobal
